
Microsoft Visual Studio Solution File, Format Version 12.00
# Visual Studio 15
VisualStudioVersion = 15.0.26228.4
MinimumVisualStudioVersion = 10.0.40219.1
Project("{FAE04EC0-301F-11D3-BF4B-00C04F79EFBC}") = "CompanyCore.Web", "CompanyCore.Web\CompanyCore.Web.csproj", "{65EA340C-79E3-4803-BF70-5DEC9C504936}"
EndProject
Project("{FAE04EC0-301F-11D3-BF4B-00C04F79EFBC}") = "Company.Dal", "Company.Dal\Company.Dal.csproj", "{0A47981E-BA50-4077-BBAF-11C6B587854D}"
EndProject
Project("{FAE04EC0-301F-11D3-BF4B-00C04F79EFBC}") = "Company.Test", "Company.Test\Company.Test.csproj", "{A41A0233-F2F6-408C-8B0C-6C5B6F0DA396}"
EndProject
Project("{FAE04EC0-301F-11D3-BF4B-00C04F79EFBC}") = "Company.Models", "Compayn.Models\Company.Models.csproj", "{4408717B-14B5-415E-B131-3A6708975A10}"
EndProject
Project("{9A19103F-16F7-4668-BE54-9A1E7A4F7556}") = "Company.Bll", "Company.Bll\Company.Bll.csproj", "{000E1E9B-98D2-4B28-92D5-ED21A0DFB625}"
EndProject
Global
	GlobalSection(SolutionConfigurationPlatforms) = preSolution
		Debug|Any CPU = Debug|Any CPU
		Release|Any CPU = Release|Any CPU
	EndGlobalSection
	GlobalSection(ProjectConfigurationPlatforms) = postSolution
		{65EA340C-79E3-4803-BF70-5DEC9C504936}.Debug|Any CPU.ActiveCfg = Debug|Any CPU
		{65EA340C-79E3-4803-BF70-5DEC9C504936}.Debug|Any CPU.Build.0 = Debug|Any CPU
		{65EA340C-79E3-4803-BF70-5DEC9C504936}.Release|Any CPU.ActiveCfg = Release|Any CPU
		{65EA340C-79E3-4803-BF70-5DEC9C504936}.Release|Any CPU.Build.0 = Release|Any CPU
		{0A47981E-BA50-4077-BBAF-11C6B587854D}.Debug|Any CPU.ActiveCfg = Debug|Any CPU
		{0A47981E-BA50-4077-BBAF-11C6B587854D}.Debug|Any CPU.Build.0 = Debug|Any CPU
		{0A47981E-BA50-4077-BBAF-11C6B587854D}.Release|Any CPU.ActiveCfg = Release|Any CPU
		{0A47981E-BA50-4077-BBAF-11C6B587854D}.Release|Any CPU.Build.0 = Release|Any CPU
		{A41A0233-F2F6-408C-8B0C-6C5B6F0DA396}.Debug|Any CPU.ActiveCfg = Debug|Any CPU
		{A41A0233-F2F6-408C-8B0C-6C5B6F0DA396}.Debug|Any CPU.Build.0 = Debug|Any CPU
		{A41A0233-F2F6-408C-8B0C-6C5B6F0DA396}.Release|Any CPU.ActiveCfg = Release|Any CPU
		{A41A0233-F2F6-408C-8B0C-6C5B6F0DA396}.Release|Any CPU.Build.0 = Release|Any CPU
		{4408717B-14B5-415E-B131-3A6708975A10}.Debug|Any CPU.ActiveCfg = Debug|Any CPU
		{4408717B-14B5-415E-B131-3A6708975A10}.Debug|Any CPU.Build.0 = Debug|Any CPU
		{4408717B-14B5-415E-B131-3A6708975A10}.Release|Any CPU.ActiveCfg = Release|Any CPU
		{4408717B-14B5-415E-B131-3A6708975A10}.Release|Any CPU.Build.0 = Release|Any CPU
		{000E1E9B-98D2-4B28-92D5-ED21A0DFB625}.Debug|Any CPU.ActiveCfg = Debug|Any CPU
		{000E1E9B-98D2-4B28-92D5-ED21A0DFB625}.Debug|Any CPU.Build.0 = Debug|Any CPU
		{000E1E9B-98D2-4B28-92D5-ED21A0DFB625}.Release|Any CPU.ActiveCfg = Release|Any CPU
		{000E1E9B-98D2-4B28-92D5-ED21A0DFB625}.Release|Any CPU.Build.0 = Release|Any CPU
	EndGlobalSection
	GlobalSection(SolutionProperties) = preSolution
		HideSolutionNode = FALSE
	EndGlobalSection
EndGlobal
