
Microsoft Visual Studio Solution File, Format Version 12.00
# Visual Studio 15
VisualStudioVersion = 15.0.26228.4
MinimumVisualStudioVersion = 10.0.40219.1
Project("{FAE04EC0-301F-11D3-BF4B-00C04F79EFBC}") = "CompanyWebCore", "CompanyWebCore\CompanyWebCore.csproj", "{53D7DB2E-3667-4A22-9395-2D3575E34CE2}"
EndProject
Project("{9A19103F-16F7-4668-BE54-9A1E7A4F7556}") = "MainConsole", "MainConsole\MainConsole.csproj", "{95A172BD-BB6F-402E-95F6-B38279624E96}"
EndProject
Project("{9A19103F-16F7-4668-BE54-9A1E7A4F7556}") = "test", "test\test.csproj", "{126A7AC6-7D65-48DF-85AF-EC93C5FCCCF3}"
EndProject
Project("{9A19103F-16F7-4668-BE54-9A1E7A4F7556}") = "Company.Models", "Company.Models\Company.Models.csproj", "{EE36EC1D-A6E6-4CC6-8808-ED9577189268}"
EndProject
Project("{9A19103F-16F7-4668-BE54-9A1E7A4F7556}") = "Company.Bll", "Company.Bll\Company.Bll.csproj", "{772D7D56-ADE2-4E5A-811C-95DA1B687EE5}"
EndProject
Project("{9A19103F-16F7-4668-BE54-9A1E7A4F7556}") = "Company.Dal", "Company.Dal\Company.Dal.csproj", "{906D4190-E581-43D2-BCA1-24BF27F839F3}"
EndProject
Global
	GlobalSection(SolutionConfigurationPlatforms) = preSolution
		Debug|Any CPU = Debug|Any CPU
		Release|Any CPU = Release|Any CPU
	EndGlobalSection
	GlobalSection(ProjectConfigurationPlatforms) = postSolution
		{53D7DB2E-3667-4A22-9395-2D3575E34CE2}.Debug|Any CPU.ActiveCfg = Debug|Any CPU
		{53D7DB2E-3667-4A22-9395-2D3575E34CE2}.Debug|Any CPU.Build.0 = Debug|Any CPU
		{53D7DB2E-3667-4A22-9395-2D3575E34CE2}.Release|Any CPU.ActiveCfg = Release|Any CPU
		{53D7DB2E-3667-4A22-9395-2D3575E34CE2}.Release|Any CPU.Build.0 = Release|Any CPU
		{95A172BD-BB6F-402E-95F6-B38279624E96}.Debug|Any CPU.ActiveCfg = Debug|Any CPU
		{95A172BD-BB6F-402E-95F6-B38279624E96}.Debug|Any CPU.Build.0 = Debug|Any CPU
		{95A172BD-BB6F-402E-95F6-B38279624E96}.Release|Any CPU.ActiveCfg = Release|Any CPU
		{95A172BD-BB6F-402E-95F6-B38279624E96}.Release|Any CPU.Build.0 = Release|Any CPU
		{126A7AC6-7D65-48DF-85AF-EC93C5FCCCF3}.Debug|Any CPU.ActiveCfg = Debug|Any CPU
		{126A7AC6-7D65-48DF-85AF-EC93C5FCCCF3}.Debug|Any CPU.Build.0 = Debug|Any CPU
		{126A7AC6-7D65-48DF-85AF-EC93C5FCCCF3}.Release|Any CPU.ActiveCfg = Release|Any CPU
		{126A7AC6-7D65-48DF-85AF-EC93C5FCCCF3}.Release|Any CPU.Build.0 = Release|Any CPU
		{EE36EC1D-A6E6-4CC6-8808-ED9577189268}.Debug|Any CPU.ActiveCfg = Debug|Any CPU
		{EE36EC1D-A6E6-4CC6-8808-ED9577189268}.Debug|Any CPU.Build.0 = Debug|Any CPU
		{EE36EC1D-A6E6-4CC6-8808-ED9577189268}.Release|Any CPU.ActiveCfg = Release|Any CPU
		{EE36EC1D-A6E6-4CC6-8808-ED9577189268}.Release|Any CPU.Build.0 = Release|Any CPU
		{772D7D56-ADE2-4E5A-811C-95DA1B687EE5}.Debug|Any CPU.ActiveCfg = Debug|Any CPU
		{772D7D56-ADE2-4E5A-811C-95DA1B687EE5}.Debug|Any CPU.Build.0 = Debug|Any CPU
		{772D7D56-ADE2-4E5A-811C-95DA1B687EE5}.Release|Any CPU.ActiveCfg = Release|Any CPU
		{772D7D56-ADE2-4E5A-811C-95DA1B687EE5}.Release|Any CPU.Build.0 = Release|Any CPU
		{906D4190-E581-43D2-BCA1-24BF27F839F3}.Debug|Any CPU.ActiveCfg = Debug|Any CPU
		{906D4190-E581-43D2-BCA1-24BF27F839F3}.Debug|Any CPU.Build.0 = Debug|Any CPU
		{906D4190-E581-43D2-BCA1-24BF27F839F3}.Release|Any CPU.ActiveCfg = Release|Any CPU
		{906D4190-E581-43D2-BCA1-24BF27F839F3}.Release|Any CPU.Build.0 = Release|Any CPU
	EndGlobalSection
	GlobalSection(SolutionProperties) = preSolution
		HideSolutionNode = FALSE
	EndGlobalSection
EndGlobal
